Microsoft Visual Studio Solution File, Format Version 12.00
# Visual Studio Version 17
VisualStudioVersion = 17.5.2.0
MinimumVisualStudioVersion = 10.0.40219.1
Project("{FAE04EC0-301F-11D3-BF4B-00C04F79EFBC}") = "ProductsApi", "ProductsApi\ProductsApi.csproj", "{CAA07A83-E8C3-AEEC-9D2B-4B03A9B6EC4F}"
EndProject
Global
	GlobalSection(SolutionConfigurationPlatforms) = preSolution
		Debug|Any CPU = Debug|Any CPU
		Release|Any CPU = Release|Any CPU
	EndGlobalSection
	GlobalSection(ProjectConfigurationPlatforms) = postSolution
		{CAA07A83-E8C3-AEEC-9D2B-4B03A9B6EC4F}.Debug|Any CPU.ActiveCfg = Debug|Any CPU
		{CAA07A83-E8C3-AEEC-9D2B-4B03A9B6EC4F}.Debug|Any CPU.Build.0 = Debug|Any CPU
		{CAA07A83-E8C3-AEEC-9D2B-4B03A9B6EC4F}.Release|Any CPU.ActiveCfg = Release|Any CPU
		{CAA07A83-E8C3-AEEC-9D2B-4B03A9B6EC4F}.Release|Any CPU.Build.0 = Release|Any CPU
	EndGlobalSection
	GlobalSection(SolutionProperties) = preSolution
		HideSolutionNode = FALSE
	EndGlobalSection
	GlobalSection(ExtensibilityGlobals) = postSolution
		SolutionGuid = {33764AFC-35AA-4207-8773-24F26B1495DE}
	EndGlobalSection
EndGlobal
